
Microsoft Visual Studio Solution File, Format Version 12.00
# Visual Studio Version 16
VisualStudioVersion = 16.0.32901.82
MinimumVisualStudioVersion = 10.0.40219.1
Project("{FAE04EC0-301F-11D3-BF4B-00C04F79EFBC}") = "ChamCong", "ChamCong\ChamCong.csproj", "{39496408-93AD-4CD9-BD30-B0C56DFD5F92}"
EndProject
Global
	GlobalSection(SolutionConfigurationPlatforms) = preSolution
		Debug|Any CPU = Debug|Any CPU
		Release|Any CPU = Release|Any CPU
	EndGlobalSection
	GlobalSection(ProjectConfigurationPlatforms) = postSolution
		{39496408-93AD-4CD9-BD30-B0C56DFD5F92}.Debug|Any CPU.ActiveCfg = Debug|Any CPU
		{39496408-93AD-4CD9-BD30-B0C56DFD5F92}.Debug|Any CPU.Build.0 = Debug|Any CPU
		{39496408-93AD-4CD9-BD30-B0C56DFD5F92}.Release|Any CPU.ActiveCfg = Release|Any CPU
		{39496408-93AD-4CD9-BD30-B0C56DFD5F92}.Release|Any CPU.Build.0 = Release|Any CPU
	EndGlobalSection
	GlobalSection(SolutionProperties) = preSolution
		HideSolutionNode = FALSE
	EndGlobalSection
	GlobalSection(ExtensibilityGlobals) = postSolution
		SolutionGuid = {2F75EA60-47CF-43E6-9986-77EF66D87A80}
	EndGlobalSection
EndGlobal
